{
  "name": "module_test",
  "version": "1.0.0",
  "lockfileVersion": 2,
  "requires": true,
  "packages": {
    "": {
      "name": "module_test",
      "version": "1.0.0",
      "license": "ISC",
      "dependencies": {
        "module_test1": "https://github.com/trdhung1/module_test.git"
      }
    },
    "node_modules/module_test1": {
      "name": "module_test",
      "version": "1.0.0",
      "resolved": "git+ssh://git@github.com/trdhung1/module_test.git",
      "integrity": "sha512-4AVi274E6xwjugxEZg0u4UMtNTt2FrcAUpQzjhuRfIK7rmoBfeurtwJTaZ7lLBNpZpl5sy+zTFQHt8oDbLXlcA==",
      "license": "ISC",
      "dependencies": {
        "module_test1": "https://github.com/trdhung1/module_test.git"
      }
    }
  },
  "dependencies": {
    "module_test1": {
      "version": "git+ssh://git@github.com/trdhung1/module_test.git",
      "integrity": "sha512-4AVi274E6xwjugxEZg0u4UMtNTt2FrcAUpQzjhuRfIK7rmoBfeurtwJTaZ7lLBNpZpl5sy+zTFQHt8oDbLXlcA==",
      "from": "module_test1@https://github.com/trdhung1/module_test.git",
      "requires": {
        "module_test1": "https://github.com/trdhung1/module_test.git"
      }
    }
  }
}
