# THIS IS AN AUTOGENERATED FILE. DO NOT EDIT THIS FILE DIRECTLY.
# yarn lockfile v1


"module_test1@https://github.com/trdhung1/module_test.git":
  "integrity" "sha512-4AVi274E6xwjugxEZg0u4UMtNTt2FrcAUpQzjhuRfIK7rmoBfeurtwJTaZ7lLBNpZpl5sy+zTFQHt8oDbLXlcA=="
  "resolved" "git+ssh://git@github.com/trdhung1/module_test.git"
  "version" "1.0.0"
  dependencies:
    "module_test1" "https://github.com/trdhung1/module_test.git"
